
Microsoft Visual Studio Solution File, Format Version 12.00
# Visual Studio Version 17
VisualStudioVersion = 17.0.32014.148
MinimumVisualStudioVersion = 10.0.40219.1
Project("{FAE04EC0-301F-11D3-BF4B-00C04F79EFBC}") = "DevChat.Api", "src\DevChat.Api\DevChat.Api.csproj", "{F9946FCB-22E3-4DD5-8120-41543C93183C}"
EndProject
Project("{FAE04EC0-301F-11D3-BF4B-00C04F79EFBC}") = "DevChat.Business", "src\DevChat.Business\DevChat.Business.csproj", "{82549EFA-FC70-43F6-AF4F-85D906CBAF03}"
EndProject
Project("{FAE04EC0-301F-11D3-BF4B-00C04F79EFBC}") = "DevChat.Data", "src\DevChat.Data\DevChat.Data.csproj", "{5ABA98F5-7D0A-436A-82B6-05AC7607B71E}"
EndProject
Project("{FAE04EC0-301F-11D3-BF4B-00C04F79EFBC}") = "DevChat.Test", "src\DevChat.Test\DevChat.Test.csproj", "{C26E0828-FEE4-4092-AB71-70B5A9B32F3A}"
EndProject
Project("{FAE04EC0-301F-11D3-BF4B-00C04F79EFBC}") = "DevChat.MVC", "src\DevChat.MVC\DevChat.MVC.csproj", "{6645BCCC-2653-4930-AC53-937EA5F77E7C}"
EndProject
Global
	GlobalSection(SolutionConfigurationPlatforms) = preSolution
		Debug|Any CPU = Debug|Any CPU
		Release|Any CPU = Release|Any CPU
	EndGlobalSection
	GlobalSection(ProjectConfigurationPlatforms) = postSolution
		{F9946FCB-22E3-4DD5-8120-41543C93183C}.Debug|Any CPU.ActiveCfg = Debug|Any CPU
		{F9946FCB-22E3-4DD5-8120-41543C93183C}.Debug|Any CPU.Build.0 = Debug|Any CPU
		{F9946FCB-22E3-4DD5-8120-41543C93183C}.Release|Any CPU.ActiveCfg = Release|Any CPU
		{F9946FCB-22E3-4DD5-8120-41543C93183C}.Release|Any CPU.Build.0 = Release|Any CPU
		{82549EFA-FC70-43F6-AF4F-85D906CBAF03}.Debug|Any CPU.ActiveCfg = Debug|Any CPU
		{82549EFA-FC70-43F6-AF4F-85D906CBAF03}.Debug|Any CPU.Build.0 = Debug|Any CPU
		{82549EFA-FC70-43F6-AF4F-85D906CBAF03}.Release|Any CPU.ActiveCfg = Release|Any CPU
		{82549EFA-FC70-43F6-AF4F-85D906CBAF03}.Release|Any CPU.Build.0 = Release|Any CPU
		{5ABA98F5-7D0A-436A-82B6-05AC7607B71E}.Debug|Any CPU.ActiveCfg = Debug|Any CPU
		{5ABA98F5-7D0A-436A-82B6-05AC7607B71E}.Debug|Any CPU.Build.0 = Debug|Any CPU
		{5ABA98F5-7D0A-436A-82B6-05AC7607B71E}.Release|Any CPU.ActiveCfg = Release|Any CPU
		{5ABA98F5-7D0A-436A-82B6-05AC7607B71E}.Release|Any CPU.Build.0 = Release|Any CPU
		{C26E0828-FEE4-4092-AB71-70B5A9B32F3A}.Debug|Any CPU.ActiveCfg = Debug|Any CPU
		{C26E0828-FEE4-4092-AB71-70B5A9B32F3A}.Debug|Any CPU.Build.0 = Debug|Any CPU
		{C26E0828-FEE4-4092-AB71-70B5A9B32F3A}.Release|Any CPU.ActiveCfg = Release|Any CPU
		{C26E0828-FEE4-4092-AB71-70B5A9B32F3A}.Release|Any CPU.Build.0 = Release|Any CPU
		{6645BCCC-2653-4930-AC53-937EA5F77E7C}.Debug|Any CPU.ActiveCfg = Debug|Any CPU
		{6645BCCC-2653-4930-AC53-937EA5F77E7C}.Debug|Any CPU.Build.0 = Debug|Any CPU
		{6645BCCC-2653-4930-AC53-937EA5F77E7C}.Release|Any CPU.ActiveCfg = Release|Any CPU
		{6645BCCC-2653-4930-AC53-937EA5F77E7C}.Release|Any CPU.Build.0 = Release|Any CPU
	EndGlobalSection
	GlobalSection(SolutionProperties) = preSolution
		HideSolutionNode = FALSE
	EndGlobalSection
	GlobalSection(ExtensibilityGlobals) = postSolution
		SolutionGuid = {9117C534-A55C-4E43-9223-A5B0BDD44FF2}
	EndGlobalSection
EndGlobal
